{"SurveyEntry":{"SurveyID":"SV_54heDcF8ANd3IOO","SurveyName":"CRAT","SurveyDescription":null,"SurveyOwnerID":"UR_5axyDPx4dp9AuZ7","SurveyBrandID":"georgiasouthern","DivisionID":null,"SurveyLanguage":"EN","SurveyActiveResponseSet":"RS_a5CW7cV3UpZFQoe","SurveyStatus":"Active","SurveyStartDate":"0000-00-00 00:00:00","SurveyExpirationDate":"0000-00-00 00:00:00","SurveyCreationDate":"2025-11-24 12:31:50","CreatorID":"UR_5axyDPx4dp9AuZ7","LastModified":"2025-11-25 08:22:32","LastAccessed":"0000-00-00 00:00:00","LastActivated":"2025-11-24 12:46:38","Deleted":null},"SurveyElements":[{"SurveyID":"SV_54heDcF8ANd3IOO","Element":"BL","PrimaryAttribute":"Survey Blocks","SecondaryAttribute":null,"TertiaryAttribute":null,"Payload":[{"Type":"Default","Description":"Default Question Block","ID":"BL_8uInaVoiZMIMqjk","BlockElements":[{"Type":"Question","QuestionID":"QID2"}]},{"Type":"Trash","Description":"Trash \/ Unused Questions","ID":"BL_9z2OtOYxKXLsLtA","BlockElements":[{"Type":"Question","QuestionID":"QID1"}]},{"Type":"Standard","SubType":"","Description":"Block 1","ID":"BL_aYqErXhuvCnbitM","BlockElements":[{"Type":"Question","QuestionID":"QID3"}]},{"Type":"Standard","SubType":"","Description":"Block 2","ID":"BL_9WZ1dChZqqitnhA","BlockElements":[{"Type":"Question","QuestionID":"QID4"}]}]},{"SurveyID":"SV_54heDcF8ANd3IOO","Element":"FL","PrimaryAttribute":"Survey Flow","SecondaryAttribute":null,"TertiaryAttribute":null,"Payload":{"Type":"Root","FlowID":"FL_1","Flow":[{"Type":"EmbeddedData","FlowID":"FL_5","EmbeddedData":[{"Description":"workerId","Type":"Recipient","Field":"workerId","VariableType":"String","DataVisibility":[],"AnalyzeText":false}]},{"Type":"Branch","FlowID":"FL_6","Description":"New Branch","BranchLogic":{"0":{"0":{"LogicType":"EmbeddedField","LeftOperand":"workerId","Operator":"Empty","_HiddenExpression":false,"Type":"Expression","Description":"<span class=\"ConjDesc\">If<\/span> <span class=\"LeftOpDesc\">workerId<\/span> <span class=\"OpDesc\">Is Empty<\/span> "},"Type":"If"},"Type":"BooleanExpression"},"Flow":[{"Type":"EmbeddedData","FlowID":"FL_7","EmbeddedData":[{"Description":"workerId","Type":"Custom","Field":"workerId","VariableType":"String","DataVisibility":[],"AnalyzeText":false,"Value":"PID${rand:\/\/int\/10000:99999}"}]}]},{"Type":"Standard","ID":"BL_aYqErXhuvCnbitM","FlowID":"FL_3","Autofill":[]},{"Type":"Block","ID":"BL_8uInaVoiZMIMqjk","FlowID":"FL_2","Autofill":[]},{"Type":"Standard","ID":"BL_9WZ1dChZqqitnhA","FlowID":"FL_4","Autofill":[]}],"Properties":{"Count":7}}},{"SurveyID":"SV_54heDcF8ANd3IOO","Element":"PL","PrimaryAttribute":"Preview Link","SecondaryAttribute":null,"TertiaryAttribute":null,"Payload":{"PreviewType":"Brand","PreviewID":"44d5fcd9-f2dc-4144-be05-ca6b6ac97a7c"}},{"SurveyID":"SV_54heDcF8ANd3IOO","Element":"PROJ","PrimaryAttribute":"CORE","SecondaryAttribute":null,"TertiaryAttribute":"1.1.0","Payload":{"ProjectCategory":"CORE","SchemaVersion":"1.1.0"}},{"SurveyID":"SV_54heDcF8ANd3IOO","Element":"QC","PrimaryAttribute":"Survey Question Count","SecondaryAttribute":"4","TertiaryAttribute":null,"Payload":null},{"SurveyID":"SV_54heDcF8ANd3IOO","Element":"RS","PrimaryAttribute":"RS_a5CW7cV3UpZFQoe","SecondaryAttribute":"Default Response Set","TertiaryAttribute":null,"Payload":null},{"SurveyID":"SV_54heDcF8ANd3IOO","Element":"SCO","PrimaryAttribute":"Scoring","SecondaryAttribute":null,"TertiaryAttribute":null,"Payload":{"ScoringCategories":[],"ScoringCategoryGroups":[],"ScoringSummaryCategory":null,"ScoringSummaryAfterQuestions":0,"ScoringSummaryAfterSurvey":0,"DefaultScoringCategory":null,"AutoScoringCategory":null}},{"SurveyID":"SV_54heDcF8ANd3IOO","Element":"SO","PrimaryAttribute":"Survey Options","SecondaryAttribute":null,"TertiaryAttribute":null,"Payload":{"BackButton":"false","SaveAndContinue":"true","SurveyProtection":"PublicSurvey","BallotBoxStuffingPrevention":"false","NoIndex":"Yes","SecureResponseFiles":"true","SurveyExpiration":"None","SurveyTermination":"DefaultMessage","Header":"","Footer":"","ProgressBarDisplay":"None","PartialData":"+1 week","ValidationMessage":"","PreviousButton":" \u2190 ","NextButton":" \u2192 ","SurveyTitle":"Qualtrics Survey | Qualtrics Experience Management","SkinLibrary":"georgiasouthern","SkinType":"templated","Skin":{"brandingId":null,"templateId":"*base","overrides":null},"NewScoring":1,"SurveyMetaDescription":"The most powerful, simple and trusted way to gather experience data. Start your journey to experience management and try a free account today.","ProtectSelectionIds":true}},{"SurveyID":"SV_54heDcF8ANd3IOO","Element":"SQ","PrimaryAttribute":"QID1","SecondaryAttribute":" ","TertiaryAttribute":null,"Payload":{"QuestionText":"&nbsp;","DataExportTag":"Q1","QuestionType":"MC","Selector":"SAVR","SubSelector":"TX","DataVisibility":{"Private":false,"Hidden":false},"Configuration":{"QuestionDescriptionOption":"UseText"},"QuestionDescription":" ","Choices":[],"ChoiceOrder":[],"Validation":{"Settings":{"ForceResponse":"OFF","Type":"None"}},"Language":[],"NextChoiceId":1,"NextAnswerId":1,"QuestionID":"QID1","QuestionJS":"Qualtrics.SurveyEngine.addOnload(function () {\n\n    var qthis = this;\n\n    \/* ------------------------------------------------------------------\n       1. Hide Qualtrics layout + Next button\n    ------------------------------------------------------------------ *\/\n    qthis.hideNextButton();\n\n    document.documentElement.style.margin = \"0\";\n    document.documentElement.style.padding = \"0\";\n    document.documentElement.style.height = \"100%\";\n    document.body.style.margin = \"0\";\n    document.body.style.padding = \"0\";\n    document.body.style.height = \"100%\";\n    document.body.style.overflow = \"hidden\";\n\n    var header = document.getElementById(\"Header\");\n    var footer = document.getElementById(\"Footer\");\n    var nav = document.getElementById(\"NextButton\");\n    if (header) header.style.display = \"none\";\n    if (footer) footer.style.display = \"none\";\n    if (nav) nav.style.display = \"none\";\n\n    var qc = this.getQuestionContainer();\n    qc.style.margin = \"0\";\n    qc.style.padding = \"0\";\n    qc.style.width = \"100%\";\n    qc.style.height = \"100%\";\n\n    \/* ------------------------------------------------------------------\n       2. Build full-screen iframe that loads your CRAT experiment\n          AND passes Qualtrics participant ID into the iframe\n    ------------------------------------------------------------------ *\/\n\n    var sbj_id = \"${e:\/\/Field\/workerId}\" || \"anon_\" + Math.floor(Math.random() * 100000);\n\n    var iframe = document.createElement(\"iframe\");\n    iframe.src = \"https:\/\/michaelwoodc.github.io\/qualtrics\/CRAT-main\/index.html?sbj_id=\" + sbj_id;\n    iframe.style.position = \"fixed\";\n    iframe.style.top = \"0\";\n    iframe.style.left = \"0\";\n    iframe.style.width = \"100%\";\n    iframe.style.height = \"100%\";\n    iframe.style.border = \"none\";\n    iframe.style.zIndex = \"9999\";\n\n    document.body.appendChild(iframe);\n\n    \/* ------------------------------------------------------------------\n       3. Listen for \u201cexperiment finished\u201d message from inside iframe\n          Your internal code will call:  window.parent.postMessage(\"CRAT_FINISHED\",\"*\")\n    ------------------------------------------------------------------ *\/\n\n    window.addEventListener(\"message\", function(e){\n        if (e.data === \"CRAT_FINISHED\") {\n            console.log(\"CRAT experiment reports completion\");\n            qthis.clickNextButton();\n        }\n    });\n});\n\nQualtrics.SurveyEngine.addOnReady(function () {\n    console.log(\"CRA Task now running fullscreen.\");\n});\n\nQualtrics.SurveyEngine.addOnUnload(function () {\n    console.log(\"Leaving CRA Task question.\");\n});"}},{"SurveyID":"SV_54heDcF8ANd3IOO","Element":"SQ","PrimaryAttribute":"QID2","SecondaryAttribute":" ","TertiaryAttribute":null,"Payload":{"QuestionText":"&nbsp;","DefaultChoices":false,"DataExportTag":"Q2","QuestionType":"DB","Selector":"TB","DataVisibility":{"Private":false,"Hidden":false},"Configuration":{"QuestionDescriptionOption":"UseText"},"QuestionDescription":" ","ChoiceOrder":[],"Validation":{"Settings":{"Type":"None"}},"GradingData":[],"Language":[],"NextChoiceId":4,"NextAnswerId":1,"QuestionID":"QID2","QuestionJS":"Qualtrics.SurveyEngine.addOnload(function () {\n\n    var qthis = this;\n\n    \/* ------------------------------------------------------------------\n       1. Hide Qualtrics layout + Next button\n    ------------------------------------------------------------------ *\/\n    qthis.hideNextButton();\n\n    document.documentElement.style.margin = \"0\";\n    document.documentElement.style.padding = \"0\";\n    document.documentElement.style.height = \"100%\";\n    document.body.style.margin = \"0\";\n    document.body.style.padding = \"0\";\n    document.body.style.height = \"100%\";\n    document.body.style.overflow = \"hidden\";\n\n    var header = document.getElementById(\"Header\");\n    var footer = document.getElementById(\"Footer\");\n    if (header) header.style.display = \"none\";\n    if (footer) footer.style.display = \"none\";\n\n    var qc = this.getQuestionContainer();\n    qc.style.margin = \"0\";\n    qc.style.padding = \"0\";\n    qc.style.width = \"100%\";\n    qc.style.height = \"100%\";\n\n    \/* ------------------------------------------------------------------\n       2. Build full-screen iframe that loads your CRAT experiment\n    ------------------------------------------------------------------ *\/\n    var sbj_id = \"${e:\/\/Field\/workerId}\" || \"anon_\" + Math.floor(Math.random() * 100000);\n\n    var iframe = document.createElement(\"iframe\");\n    iframe.src = \"https:\/\/michaelwoodc.github.io\/qualtrics\/CRAT-main\/index.html?sbj_id=\" + sbj_id;\n    iframe.style.position = \"fixed\";\n    iframe.style.top = \"0\";\n    iframe.style.left = \"0\";\n    iframe.style.width = \"100%\";\n    iframe.style.height = \"100%\";\n    iframe.style.border = \"none\";\n    iframe.style.zIndex = \"9999\";\n    iframe.id = \"crat-iframe\";\n\n    document.body.appendChild(iframe);\n\n    \/* ------------------------------------------------------------------\n       3. Listen for \"experiment finished\" message and auto-advance\n    ------------------------------------------------------------------ *\/\n    window.addEventListener(\"message\", function(e){\n        if (e.data === \"CRAT_FINISHED\") {\n            console.log(\"CRAT experiment reports completion - auto-advancing\");\n            \n            \/\/ Remove the iframe\n            var iframe = document.getElementById(\"crat-iframe\");\n            if (iframe) iframe.remove();\n            \n            \/\/ Auto-advance to next question\n            setTimeout(function() {\n                qthis.clickNextButton();\n            }, 500); \/\/ Small delay to ensure cleanup is done\n        }\n    });\n});"}},{"SurveyID":"SV_54heDcF8ANd3IOO","Element":"SQ","PrimaryAttribute":"QID3","SecondaryAttribute":"Welcome to the online CRAT test! Here, we are just testing out the functionality of jsPsych brows...","TertiaryAttribute":null,"Payload":{"QuestionText":"Welcome to the online CRAT test!&nbsp; Here, we are just testing out the functionality of jsPsych browser based experiments inside Qualtrics.","DefaultChoices":false,"DataExportTag":"Q3","QuestionType":"DB","Selector":"TB","DataVisibility":{"Private":false,"Hidden":false},"Configuration":{"QuestionDescriptionOption":"UseText"},"QuestionDescription":"Welcome to the online CRAT test! Here, we are just testing out the functionality of jsPsych brows...","ChoiceOrder":[],"Validation":{"Settings":{"Type":"None"}},"GradingData":[],"Language":[],"NextChoiceId":4,"NextAnswerId":1,"QuestionID":"QID3"}},{"SurveyID":"SV_54heDcF8ANd3IOO","Element":"SQ","PrimaryAttribute":"QID4","SecondaryAttribute":"Thank you for your participation! Please finalize your survey","TertiaryAttribute":null,"Payload":{"QuestionText":"Thank you for your participation!&nbsp; Please finalize your survey","DefaultChoices":false,"DataExportTag":"Q4","QuestionType":"DB","Selector":"TB","DataVisibility":{"Private":false,"Hidden":false},"Configuration":{"QuestionDescriptionOption":"UseText"},"QuestionDescription":"Thank you for your participation! Please finalize your survey","ChoiceOrder":[],"Validation":{"Settings":{"Type":"None"}},"GradingData":[],"Language":[],"NextChoiceId":4,"NextAnswerId":1,"QuestionID":"QID4"}},{"SurveyID":"SV_54heDcF8ANd3IOO","Element":"STAT","PrimaryAttribute":"Survey Statistics","SecondaryAttribute":null,"TertiaryAttribute":null,"Payload":{"MobileCompatible":true,"ID":"Survey Statistics"}}]}