{"SurveyEntry":{"SurveyID":"SV_5i3dJTvUZeBDwqO","SurveyName":"jspsych-test","SurveyDescription":null,"SurveyOwnerID":"UR_5axyDPx4dp9AuZ7","SurveyBrandID":"georgiasouthern","DivisionID":null,"SurveyLanguage":"EN","SurveyActiveResponseSet":"RS_1NfUYAC1DojMpy6","SurveyStatus":"Active","SurveyStartDate":"0000-00-00 00:00:00","SurveyExpirationDate":"0000-00-00 00:00:00","SurveyCreationDate":"2026-03-11 12:19:14","CreatorID":"UR_5axyDPx4dp9AuZ7","LastModified":"2026-03-11 12:28:08","LastAccessed":"0000-00-00 00:00:00","LastActivated":"2026-03-11 12:27:46","Deleted":null},"SurveyElements":[{"SurveyID":"SV_5i3dJTvUZeBDwqO","Element":"BL","PrimaryAttribute":"Survey Blocks","SecondaryAttribute":null,"TertiaryAttribute":null,"Payload":{"1":{"Type":"Trash","Description":"Trash \/ Unused Questions","ID":"BL_1zPTs3mpQxu2Wiy","BlockElements":[]},"2":{"Type":"Standard","Description":"Default Question Block","ID":"BL_9tRzPcdTkgbi7fU","BlockElements":[{"Type":"Question","QuestionID":"QID1323248576"}]}}},{"SurveyID":"SV_5i3dJTvUZeBDwqO","Element":"FL","PrimaryAttribute":"Survey Flow","SecondaryAttribute":null,"TertiaryAttribute":null,"Payload":{"Flow":[{"ID":"BL_9tRzPcdTkgbi7fU","Type":"Standard","FlowID":"FL_3"}],"Properties":{"Count":3},"FlowID":"FL_1","Type":"Root"}},{"SurveyID":"SV_5i3dJTvUZeBDwqO","Element":"PL","PrimaryAttribute":"Preview Link","SecondaryAttribute":null,"TertiaryAttribute":null,"Payload":{"PreviewType":"Brand","PreviewID":"4457c07c-9317-4b94-b310-820495deaabb"}},{"SurveyID":"SV_5i3dJTvUZeBDwqO","Element":"PROJ","PrimaryAttribute":"CORE","SecondaryAttribute":null,"TertiaryAttribute":"1.1.0","Payload":{"ProjectCategory":"CORE","SchemaVersion":"1.1.0"}},{"SurveyID":"SV_5i3dJTvUZeBDwqO","Element":"QC","PrimaryAttribute":"Survey Question Count","SecondaryAttribute":"2","TertiaryAttribute":null,"Payload":null},{"SurveyID":"SV_5i3dJTvUZeBDwqO","Element":"RS","PrimaryAttribute":"RS_1NfUYAC1DojMpy6","SecondaryAttribute":"Default Response Set","TertiaryAttribute":null,"Payload":null},{"SurveyID":"SV_5i3dJTvUZeBDwqO","Element":"SCO","PrimaryAttribute":"Scoring","SecondaryAttribute":null,"TertiaryAttribute":null,"Payload":{"ScoringCategories":[],"ScoringCategoryGroups":[],"ScoringSummaryCategory":null,"ScoringSummaryAfterQuestions":0,"ScoringSummaryAfterSurvey":0,"DefaultScoringCategory":null,"AutoScoringCategory":null}},{"SurveyID":"SV_5i3dJTvUZeBDwqO","Element":"SO","PrimaryAttribute":"Survey Options","SecondaryAttribute":null,"TertiaryAttribute":null,"Payload":{"BackButton":"false","SaveAndContinue":"true","SurveyProtection":"PublicSurvey","BallotBoxStuffingPrevention":"false","NoIndex":"Yes","SecureResponseFiles":"true","SurveyExpiration":"None","SurveyTermination":"DefaultMessage","Header":"","Footer":"","ProgressBarDisplay":"None","PartialData":"+1 week","ValidationMessage":"","PreviousButton":"","NextButton":"","SurveyTitle":"Qualtrics Survey | Qualtrics Experience Management","SkinLibrary":"georgiasouthern","SkinType":"templated","Skin":{"brandingId":"6216604264","templateId":"*base","overrides":null},"NewScoring":1,"SurveyMetaDescription":"The most powerful, simple and trusted way to gather experience data. Start your journey to experience management and try a free account today."}},{"SurveyID":"SV_5i3dJTvUZeBDwqO","Element":"SQ","PrimaryAttribute":"QID1323248576","SecondaryAttribute":"Question-2","TertiaryAttribute":null,"Payload":{"QuestionText":"Question-2","DefaultChoices":false,"QuestionType":"TE","Selector":"FORM","DataVisibility":{"Private":false,"Hidden":false},"Configuration":{"QuestionDescriptionOption":"UseText"},"QuestionDescription":"Question-2","Choices":{"1":{"Display":"Q2-RESPONSE"},"2":{"Display":"Q2-REACTION-TIME"},"3":{"Display":"Q2-TYPING-TIME"}},"ChoiceOrder":["1","2","3"],"Validation":{"Settings":{"ForceResponse":"OFF","Type":null}},"GradingData":[],"Language":[],"NextChoiceId":4,"NextAnswerId":1,"SearchSource":{"AllowFreeResponse":"false"},"QuestionText_Unsafe":"Question-2","DataExportTag":"R1.1","QuestionID":"QID1323248576"}},{"SurveyID":"SV_5i3dJTvUZeBDwqO","Element":"STAT","PrimaryAttribute":"Survey Statistics","SecondaryAttribute":null,"TertiaryAttribute":null,"Payload":{"MobileCompatible":true,"ID":"Survey Statistics"}}]}