{"SurveyEntry":{"SurveyID":"SV_4ITctkIUx9gGQJ0","SurveyName":"Michael Sandbox","SurveyDescription":null,"SurveyOwnerID":"UR_8oE5QK28HTho1TL","SurveyBrandID":"georgiasouthern","DivisionID":null,"SurveyLanguage":"EN","SurveyActiveResponseSet":"RS_8qprBk7K9LgHXDw","SurveyStatus":"Active","SurveyStartDate":"0000-00-00 00:00:00","SurveyExpirationDate":"0000-00-00 00:00:00","SurveyCreationDate":"2025-09-12 09:29:54","CreatorID":"UR_8oE5QK28HTho1TL","LastModified":"2025-11-25 11:21:34","LastAccessed":"0000-00-00 00:00:00","LastActivated":"2025-11-23 21:40:03","Deleted":null},"SurveyElements":[{"SurveyID":"SV_4ITctkIUx9gGQJ0","Element":"BL","PrimaryAttribute":"Survey Blocks","SecondaryAttribute":null,"TertiaryAttribute":null,"Payload":{"1":{"Type":"Trash","Description":"Trash \/ Unused Questions","ID":"BL_3Q3usPn40qraAjY","BlockElements":[]},"3":{"Type":"Standard","SubType":"","Description":"Block 2","ID":"BL_cvfQdaUoYnkIpdc","BlockElements":[{"Type":"Question","QuestionID":"QID9"}]},"4":{"Type":"Standard","SubType":"","Description":"Block 1","ID":"BL_e5k70n6fGAW2ttc","BlockElements":[{"Type":"Question","QuestionID":"QID10"}]}}},{"SurveyID":"SV_4ITctkIUx9gGQJ0","Element":"FL","PrimaryAttribute":"Survey Flow","SecondaryAttribute":null,"TertiaryAttribute":null,"Payload":{"Flow":[{"ID":"BL_e5k70n6fGAW2ttc","Type":"Standard","FlowID":"FL_5"},{"ID":"BL_cvfQdaUoYnkIpdc","Type":"Standard","FlowID":"FL_4"}],"Properties":{"Count":5},"FlowID":"FL_1","Type":"Root"}},{"SurveyID":"SV_4ITctkIUx9gGQJ0","Element":"PL","PrimaryAttribute":"Preview Link","SecondaryAttribute":null,"TertiaryAttribute":null,"Payload":{"PreviewType":"Public","PreviewID":"32f76b18-3fc4-4a60-ba40-710dc336626e"}},{"SurveyID":"SV_4ITctkIUx9gGQJ0","Element":"PROJ","PrimaryAttribute":"CORE","SecondaryAttribute":null,"TertiaryAttribute":"1.1.0","Payload":{"ProjectCategory":"CORE","SchemaVersion":"1.1.0"}},{"SurveyID":"SV_4ITctkIUx9gGQJ0","Element":"QC","PrimaryAttribute":"Survey Question Count","SecondaryAttribute":"10","TertiaryAttribute":null,"Payload":null},{"SurveyID":"SV_4ITctkIUx9gGQJ0","Element":"RS","PrimaryAttribute":"RS_8qprBk7K9LgHXDw","SecondaryAttribute":"Default Response Set","TertiaryAttribute":null,"Payload":null},{"SurveyID":"SV_4ITctkIUx9gGQJ0","Element":"SCO","PrimaryAttribute":"Scoring","SecondaryAttribute":null,"TertiaryAttribute":null,"Payload":{"ScoringCategories":[],"ScoringCategoryGroups":[],"ScoringSummaryCategory":null,"ScoringSummaryAfterQuestions":0,"ScoringSummaryAfterSurvey":0,"DefaultScoringCategory":null,"AutoScoringCategory":null}},{"SurveyID":"SV_4ITctkIUx9gGQJ0","Element":"SO","PrimaryAttribute":"Survey Options","SecondaryAttribute":null,"TertiaryAttribute":null,"Payload":{"BackButton":"false","SaveAndContinue":"false","SurveyProtection":"PublicSurvey","BallotBoxStuffingPrevention":"false","NoIndex":"Yes","SecureResponseFiles":"true","SurveyExpiration":"None","SurveyTermination":"DefaultMessage","Header":"","Footer":"","ProgressBarDisplay":"None","PartialData":"+1 week","ValidationMessage":null,"PreviousButton":" \u2190 ","NextButton":" \u2192 ","SurveyTitle":"Qualtrics Survey | Qualtrics Experience Management","SkinLibrary":"georgiasouthern","SkinType":"templated","Skin":{"brandingId":null,"templateId":"*base","overrides":null},"NewScoring":1,"SurveyMetaDescription":"The most powerful, simple and trusted way to gather experience data. Start your journey to experience management and try a free account today.","EOSMessage":null,"ShowExportTags":"false","CollectGeoLocation":"false","PasswordProtection":"No","AnonymizeResponse":"No","RefererCheck":"No","BallotBoxStuffingPreventionBehavior":null,"BallotBoxStuffingPreventionMessage":null,"BallotBoxStuffingPreventionMessageLibrary":null,"BallotBoxStuffingPreventionURL":null,"RecaptchaV3":"false","ConfirmStart":false,"AutoConfirmStart":false,"RelevantID":"false","RelevantIDLockoutPeriod":"+30 days","UseCustomSurveyLinkCompletedMessage":null,"SurveyLinkCompletedMessage":null,"SurveyLinkCompletedMessageLibrary":null,"ResponseSummary":"No","EOSMessageLibrary":null,"EOSRedirectURL":null,"EmailThankYou":"false","ThankYouEmailMessageLibrary":null,"ThankYouEmailMessage":null,"ValidateMessage":"false","ValidationMessageLibrary":null,"InactiveSurvey":"DefaultMessage","PartialDeletion":null,"PartialDataCloseAfter":"LastActivity","InactiveMessageLibrary":null,"InactiveMessage":null,"AvailableLanguages":{"EN":[]}}},{"SurveyID":"SV_4ITctkIUx9gGQJ0","Element":"SQ","PrimaryAttribute":"QID10","SecondaryAttribute":"Welcome! This is just a test of the .js psyc javascript and server code. Please click next when r...","TertiaryAttribute":null,"Payload":{"QuestionText":"Welcome!&nbsp; This is just a test of the .js psyc javascript and server code.&nbsp; Please click next when ready","DefaultChoices":false,"DataExportTag":"Q2","QuestionType":"DB","Selector":"TB","DataVisibility":{"Private":false,"Hidden":false},"Configuration":{"QuestionDescriptionOption":"UseText"},"QuestionDescription":"Welcome! This is just a test of the .js psyc javascript and server code. Please click next when r...","ChoiceOrder":[],"Validation":{"Settings":{"Type":"None"}},"GradingData":[],"Language":[],"NextChoiceId":4,"NextAnswerId":1,"QuestionID":"QID10"}},{"SurveyID":"SV_4ITctkIUx9gGQJ0","Element":"SQ","PrimaryAttribute":"QID9","SecondaryAttribute":"Blank Block only to make it so that the jsPsyc experiment can show","TertiaryAttribute":null,"Payload":{"QuestionText":"&nbsp;","DefaultChoices":false,"DataExportTag":"Q9","QuestionType":"DB","Selector":"TB","DataVisibility":{"Private":false,"Hidden":false},"Configuration":{"QuestionDescriptionOption":"SpecifyLabel"},"QuestionDescription":"Blank Block only to make it so that the jsPsyc experiment can show","ChoiceOrder":[],"Validation":{"Settings":{"Type":"None"}},"GradingData":[],"Language":[],"NextChoiceId":4,"NextAnswerId":1,"QuestionID":"QID9","QuestionJS":"Qualtrics.SurveyEngine.addOnload(function () {\n\n    var qthis = this;\n\n    \/* ------------------------------------------------------------------\n       1. Hide Qualtrics layout + Next button\n    ------------------------------------------------------------------ *\/\n    qthis.hideNextButton();\n\n    document.documentElement.style.margin = \"0\";\n    document.documentElement.style.padding = \"0\";\n    document.documentElement.style.height = \"100%\";\n    document.body.style.margin = \"0\";\n    document.body.style.padding = \"0\";\n    document.body.style.height = \"100%\";\n    document.body.style.overflow = \"hidden\";\n\n    var header = document.getElementById(\"Header\");\n    var footer = document.getElementById(\"Footer\");\n    if (header) header.style.display = \"none\";\n    if (footer) footer.style.display = \"none\";\n\n    var qc = this.getQuestionContainer();\n    qc.style.margin = \"0\";\n    qc.style.padding = \"0\";\n    qc.style.width = \"100%\";\n    qc.style.height = \"100%\";\n\n    \/* ------------------------------------------------------------------\n       2. Build full-screen iframe that loads your CRAT experiment\n    ------------------------------------------------------------------ *\/\n    var sbj_id = \"${e:\/\/Field\/workerId}\" || \"anon_\" + Math.floor(Math.random() * 100000);\n\n    var iframe = document.createElement(\"iframe\");\n    iframe.src = \"https:\/\/michaelwoodc.github.io\/qualtrics\/CRAT-main\/index.html?sbj_id=\" + sbj_id;\n    iframe.style.position = \"fixed\";\n    iframe.style.top = \"0\";\n    iframe.style.left = \"0\";\n    iframe.style.width = \"100%\";\n    iframe.style.height = \"100%\";\n    iframe.style.border = \"none\";\n    iframe.style.zIndex = \"9999\";\n    iframe.id = \"crat-iframe\";\n\n    document.body.appendChild(iframe);\n\n    \/* ------------------------------------------------------------------\n       3. Listen for \"experiment finished\" message and auto-advance\n    ------------------------------------------------------------------ *\/\n    window.addEventListener(\"message\", function(e){\n        if (e.data === \"CRAT_FINISHED\") {\n            console.log(\"CRAT experiment reports completion - auto-advancing\");\n            \n            \/\/ Remove the iframe\n            var iframe = document.getElementById(\"crat-iframe\");\n            if (iframe) iframe.remove();\n            \n            \/\/ Auto-advance to next question\n            setTimeout(function() {\n                qthis.clickNextButton();\n            }, 500); \/\/ Small delay to ensure cleanup is done\n        }\n    });\n});\n\n    \/* ------------------------------------------------------------------\n       This is actually where the javascript code ends in qualtrics, may not need what comes below at all\n    ------------------------------------------------------------------ *\/\nQualtrics.SurveyEngine.addOnReady(function () {\n    console.log(\"CRA Task now running fullscreen.\");\n});\n\nQualtrics.SurveyEngine.addOnUnload(function () {\n    console.log(\"Leaving CRA Task question.\");\n});"}},{"SurveyID":"SV_4ITctkIUx9gGQJ0","Element":"STAT","PrimaryAttribute":"Survey Statistics","SecondaryAttribute":null,"TertiaryAttribute":null,"Payload":{"MobileCompatible":true,"ID":"Survey Statistics"}}]}